
Microsoft Visual Studio Solution File, Format Version 11.00
# Visual Studio 2010
Project("{FAE04EC0-301F-11D3-BF4B-00C04F79EFBC}") = "TankFighter", "TankFighter\TankFighter\TankFighter.csproj", "{EB6F4AB4-5A0F-48D1-A9DF-8A0403E6F136}"
EndProject
Project("{96E2B04D-8817-42C6-938A-82C39BA4D311}") = "TankFighterContent", "TankFighter\TankFighterContent\TankFighterContent.contentproj", "{9D73BF6D-2E19-4ABD-843D-A0069141D599}"
EndProject
Global
	GlobalSection(SolutionConfigurationPlatforms) = preSolution
		Debug|x86 = Debug|x86
		Release|x86 = Release|x86
	EndGlobalSection
	GlobalSection(ProjectConfigurationPlatforms) = postSolution
		{EB6F4AB4-5A0F-48D1-A9DF-8A0403E6F136}.Debug|x86.ActiveCfg = Debug|x86
		{EB6F4AB4-5A0F-48D1-A9DF-8A0403E6F136}.Debug|x86.Build.0 = Debug|x86
		{EB6F4AB4-5A0F-48D1-A9DF-8A0403E6F136}.Release|x86.ActiveCfg = Release|x86
		{EB6F4AB4-5A0F-48D1-A9DF-8A0403E6F136}.Release|x86.Build.0 = Release|x86
		{9D73BF6D-2E19-4ABD-843D-A0069141D599}.Debug|x86.ActiveCfg = Debug|x86
		{9D73BF6D-2E19-4ABD-843D-A0069141D599}.Release|x86.ActiveCfg = Release|x86
	EndGlobalSection
	GlobalSection(SolutionProperties) = preSolution
		HideSolutionNode = FALSE
	EndGlobalSection
EndGlobal
